{
  "version": 4,
  "terraform_version": "1.3.6",
  "serial": 66,
  "lineage": "dad4385c-4957-70a8-0f90-eae795e40a8f",
  "outputs": {
    "default_alb_target_group": {
      "value": "arn:aws:elasticloadbalancing:ca-central-1:432621609875:targetgroup/Dev-Dev-default/d7b74300fc0062c3",
      "type": "string"
    }
  },
  "resources": [
    {
      "mode": "managed",
      "type": "aws_key_pair",
      "name": "ecs",
      "provider": "provider[\"registry.terraform.io/hashicorp/aws\"]",
      "instances": [
        {
          "schema_version": 1,
          "attributes": {
            "arn": "arn:aws:ec2:ca-central-1:432621609875:key-pair/id_rsa.pub-Dev",
            "fingerprint": "4e:d9:9d:1d:80:c7:bf:7c:23:df:ea:4f:b1:28:bc:bf",
            "id": "id_rsa.pub-Dev",
            "key_name": "id_rsa.pub-Dev",
            "key_name_prefix": "",
            "key_pair_id": "key-0c3863947f70595bb",
            "key_type": "rsa",
            "public_key": "ssh-rsa AAAAB3NzaC1yc2EAAAADAQABAAABgQDUcqOHZtdKz2m65OqfdYxI42hxmSxryYf5LhtQA8cdmX8qOWn906N3Bv/JMGV+Uq2iMx5iVsA8YUszG7MWpVHG/kwlw/JFGZ7emeRU2TtjvIrQdUrvdLfuXBWs4laP8M2GYiQy6g79iXaxeyFFcmHEKWyeF+V84B5Sfms6Af1IvqXJPTsK4YOhsBFRMXOkxINMkLLGkNT7f3gChGCCDOBd8q89FFQcKfFVIjaUrS192Ocu0Qhn823u5Mnnd6nAQKWY3P9P6f0udjP29TWiOUe4neFT43Za4VDp7D529QF00OXEz2MnrOM+p/WNJhss05oAUBkwVbiKQQTfoDEctTrFA6AliVQjiT4E3ZD+v1Crz21h2FG7+Bf7HAk38bpX6iX+sHW/qjgnhZpObnujIsh6gY7//rYKL5GpjnNu6P4u1DGQo4aCCHXx0gIVfUm34zBgWE8vBwRBQ3YsDoeZlimFqYI2iWJsH7YB7qtJqAqH6iyIM0SOksyj2VSDVkU5g18= akash@BHUPESH-06",
            "tags": {},
            "tags_all": {}
          },
          "sensitive_attributes": [],
          "private": "eyJzY2hlbWFfdmVyc2lvbiI6IjEifQ==",
          "create_before_destroy": true
        }
      ]
    },
    {
      "module": "module.ecs",
      "mode": "managed",
      "type": "aws_ecs_cluster",
      "name": "cluster",
      "provider": "provider[\"registry.terraform.io/hashicorp/aws\"]",
      "instances": [
        {
          "schema_version": 0,
          "attributes": {
            "arn": "arn:aws:ecs:ca-central-1:432621609875:cluster/Dev",
            "capacity_providers": [],
            "configuration": [],
            "default_capacity_provider_strategy": [],
            "id": "arn:aws:ecs:ca-central-1:432621609875:cluster/Dev",
            "name": "Dev",
            "service_connect_defaults": [],
            "setting": [
              {
                "name": "containerInsights",
                "value": "disabled"
              }
            ],
            "tags": {},
            "tags_all": {}
          },
          "sensitive_attributes": [],
          "private": "bnVsbA=="
        }
      ]
    },
    {
      "module": "module.ecs",
      "mode": "managed",
      "type": "aws_iam_instance_profile",
      "name": "ecs",
      "provider": "provider[\"registry.terraform.io/hashicorp/aws\"]",
      "instances": [
        {
          "schema_version": 0,
          "attributes": {
            "arn": "arn:aws:iam::432621609875:instance-profile/Dev_ecs_instance_profile",
            "create_date": "2023-03-29T06:10:51Z",
            "id": "Dev_ecs_instance_profile",
            "name": "Dev_ecs_instance_profile",
            "name_prefix": null,
            "path": "/",
            "role": "Dev_ecs_instance_role",
            "tags": {},
            "tags_all": {},
            "unique_id": "AIPAWJOSB4OJYPPKVYY7Y"
          },
          "sensitive_attributes": [],
          "private": "bnVsbA==",
          "dependencies": [
            "module.ecs.aws_iam_role.ecs_instance_role"
          ],
          "create_before_destroy": true
        }
      ]
    },
    {
      "module": "module.ecs",
      "mode": "managed",
      "type": "aws_iam_role",
      "name": "ecs_instance_role",
      "provider": "provider[\"registry.terraform.io/hashicorp/aws\"]",
      "instances": [
        {
          "schema_version": 0,
          "attributes": {
            "arn": "arn:aws:iam::432621609875:role/Dev_ecs_instance_role",
            "assume_role_policy": "{\"Statement\":[{\"Action\":\"sts:AssumeRole\",\"Effect\":\"Allow\",\"Principal\":{\"Service\":[\"ec2.amazonaws.com\"]}}],\"Version\":\"2008-10-17\"}",
            "create_date": "2023-03-29T06:10:49Z",
            "description": "",
            "force_detach_policies": false,
            "id": "Dev_ecs_instance_role",
            "inline_policy": [],
            "managed_policy_arns": [
              "arn:aws:iam::aws:policy/CloudWatchLogsFullAccess",
              "arn:aws:iam::aws:policy/service-role/AmazonEC2ContainerServiceforEC2Role"
            ],
            "max_session_duration": 3600,
            "name": "Dev_ecs_instance_role",
            "name_prefix": "",
            "path": "/",
            "permissions_boundary": null,
            "tags": {},
            "tags_all": {},
            "unique_id": "AROAWJOSB4OJYMWCI4TIC"
          },
          "sensitive_attributes": [],
          "private": "bnVsbA==",
          "create_before_destroy": true
        }
      ]
    },
    {
      "module": "module.ecs",
      "mode": "managed",
      "type": "aws_iam_role",
      "name": "ecs_lb_role",
      "provider": "provider[\"registry.terraform.io/hashicorp/aws\"]",
      "instances": [
        {
          "schema_version": 0,
          "attributes": {
            "arn": "arn:aws:iam::432621609875:role/ecs/Dev_ecs_lb_role",
            "assume_role_policy": "{\"Statement\":[{\"Action\":\"sts:AssumeRole\",\"Effect\":\"Allow\",\"Principal\":{\"Service\":[\"ecs.amazonaws.com\"]}}],\"Version\":\"2008-10-17\"}",
            "create_date": "2023-03-29T06:10:50Z",
            "description": "",
            "force_detach_policies": false,
            "id": "Dev_ecs_lb_role",
            "inline_policy": [],
            "managed_policy_arns": [
              "arn:aws:iam::aws:policy/service-role/AmazonEC2ContainerServiceRole"
            ],
            "max_session_duration": 3600,
            "name": "Dev_ecs_lb_role",
            "name_prefix": "",
            "path": "/ecs/",
            "permissions_boundary": null,
            "tags": {},
            "tags_all": {},
            "unique_id": "AROAWJOSB4OJRUVNC4P5B"
          },
          "sensitive_attributes": [],
          "private": "bnVsbA=="
        }
      ]
    },
    {
      "module": "module.ecs",
      "mode": "managed",
      "type": "aws_iam_role_policy_attachment",
      "name": "ecs_ec2_cloudwatch_role",
      "provider": "provider[\"registry.terraform.io/hashicorp/aws\"]",
      "instances": [
        {
          "schema_version": 0,
          "attributes": {
            "id": "Dev_ecs_instance_role-20230329060930935900000002",
            "policy_arn": "arn:aws:iam::aws:policy/CloudWatchLogsFullAccess",
            "role": "Dev_ecs_instance_role"
          },
          "sensitive_attributes": [],
          "private": "bnVsbA==",
          "dependencies": [
            "module.ecs.aws_iam_role.ecs_instance_role"
          ]
        }
      ]
    },
    {
      "module": "module.ecs",
      "mode": "managed",
      "type": "aws_iam_role_policy_attachment",
      "name": "ecs_ec2_role",
      "provider": "provider[\"registry.terraform.io/hashicorp/aws\"]",
      "instances": [
        {
          "schema_version": 0,
          "attributes": {
            "id": "Dev_ecs_instance_role-20230329060930531100000001",
            "policy_arn": "arn:aws:iam::aws:policy/service-role/AmazonEC2ContainerServiceforEC2Role",
            "role": "Dev_ecs_instance_role"
          },
          "sensitive_attributes": [],
          "private": "bnVsbA==",
          "dependencies": [
            "module.ecs.aws_iam_role.ecs_instance_role"
          ]
        }
      ]
    },
    {
      "module": "module.ecs",
      "mode": "managed",
      "type": "aws_iam_role_policy_attachment",
      "name": "ecs_lb",
      "provider": "provider[\"registry.terraform.io/hashicorp/aws\"]",
      "instances": [
        {
          "schema_version": 0,
          "attributes": {
            "id": "Dev_ecs_lb_role-20230329060931697800000003",
            "policy_arn": "arn:aws:iam::aws:policy/service-role/AmazonEC2ContainerServiceRole",
            "role": "Dev_ecs_lb_role"
          },
          "sensitive_attributes": [],
          "private": "bnVsbA==",
          "dependencies": [
            "module.ecs.aws_iam_role.ecs_lb_role"
          ]
        }
      ]
    },
    {
      "module": "module.ecs",
      "mode": "managed",
      "type": "aws_security_group_rule",
      "name": "alb_to_ecs",
      "provider": "provider[\"registry.terraform.io/hashicorp/aws\"]",
      "instances": [
        {
          "schema_version": 2,
          "attributes": {
            "cidr_blocks": null,
            "description": "",
            "from_port": 32768,
            "id": "sgrule-2687915010",
            "ipv6_cidr_blocks": null,
            "prefix_list_ids": null,
            "protocol": "tcp",
            "security_group_id": "sg-0f29cc6f45a2ca840",
            "security_group_rule_id": "sgr-081f919b676d52f3f",
            "self": false,
            "source_security_group_id": "sg-01c2aaacd0764c930",
            "timeouts": null,
            "to_port": 61000,
            "type": "ingress"
          },
          "sensitive_attributes": [],
          "private": "eyJlMmJmYjczMC1lY2FhLTExZTYtOGY4OC0zNDM2M2JjN2M0YzAiOnsiY3JlYXRlIjozMDAwMDAwMDAwMDB9LCJzY2hlbWFfdmVyc2lvbiI6IjIifQ==",
          "dependencies": [
            "module.ecs.module.alb.aws_security_group.alb",
            "module.ecs.module.ecs_instances.aws_security_group.instance",
            "module.ecs.module.network.module.vpc.aws_vpc.vpc"
          ]
        }
      ]
    },
    {
      "module": "module.ecs.module.alb",
      "mode": "managed",
      "type": "aws_alb",
      "name": "alb",
      "provider": "provider[\"registry.terraform.io/hashicorp/aws\"]",
      "instances": [
        {
          "schema_version": 0,
          "attributes": {
            "access_logs": [
              {
                "bucket": "",
                "enabled": false,
                "prefix": ""
              }
            ],
            "arn": "arn:aws:elasticloadbalancing:ca-central-1:432621609875:loadbalancer/app/Dev-Dev/06f78ddc1e2bb2c6",
            "arn_suffix": "app/Dev-Dev/06f78ddc1e2bb2c6",
            "customer_owned_ipv4_pool": "",
            "desync_mitigation_mode": "defensive",
            "dns_name": "Dev-Dev-1525697980.ca-central-1.elb.amazonaws.com",
            "drop_invalid_header_fields": false,
            "enable_cross_zone_load_balancing": true,
            "enable_deletion_protection": false,
            "enable_http2": true,
            "enable_waf_fail_open": false,
            "id": "arn:aws:elasticloadbalancing:ca-central-1:432621609875:loadbalancer/app/Dev-Dev/06f78ddc1e2bb2c6",
            "idle_timeout": 60,
            "internal": false,
            "ip_address_type": "ipv4",
            "load_balancer_type": "application",
            "name": "Dev-Dev",
            "name_prefix": null,
            "preserve_host_header": false,
            "security_groups": [
              "sg-01c2aaacd0764c930"
            ],
            "subnet_mapping": [
              {
                "allocation_id": "",
                "ipv6_address": "",
                "outpost_id": "",
                "private_ipv4_address": "",
                "subnet_id": "subnet-00527292dc0734ac1"
              },
              {
                "allocation_id": "",
                "ipv6_address": "",
                "outpost_id": "",
                "private_ipv4_address": "",
                "subnet_id": "subnet-034861aa77d6238c8"
              }
            ],
            "subnets": [
              "subnet-00527292dc0734ac1",
              "subnet-034861aa77d6238c8"
            ],
            "tags": {
              "Environment": "Dev"
            },
            "tags_all": {
              "Environment": "Dev"
            },
            "timeouts": null,
            "vpc_id": "vpc-0f8becb7a71fe1a27",
            "zone_id": "ZQSVJUPU6J1EY"
          },
          "sensitive_attributes": [],
          "private": "eyJlMmJmYjczMC1lY2FhLTExZTYtOGY4OC0zNDM2M2JjN2M0YzAiOnsiY3JlYXRlIjo2MDAwMDAwMDAwMDAsImRlbGV0ZSI6NjAwMDAwMDAwMDAwLCJ1cGRhdGUiOjYwMDAwMDAwMDAwMH19",
          "dependencies": [
            "module.ecs.module.alb.aws_security_group.alb",
            "module.ecs.module.network.module.public_subnet.aws_subnet.subnet",
            "module.ecs.module.network.module.vpc.aws_vpc.vpc"
          ]
        }
      ]
    },
    {
      "module": "module.ecs.module.alb",
      "mode": "managed",
      "type": "aws_alb_listener",
      "name": "http",
      "provider": "provider[\"registry.terraform.io/hashicorp/aws\"]",
      "instances": [
        {
          "schema_version": 0,
          "attributes": {
            "alpn_policy": null,
            "arn": "arn:aws:elasticloadbalancing:ca-central-1:432621609875:listener/app/Dev-Dev/06f78ddc1e2bb2c6/995296ff4131d239",
            "certificate_arn": null,
            "default_action": [
              {
                "authenticate_cognito": [],
                "authenticate_oidc": [],
                "fixed_response": [],
                "forward": [],
                "order": 1,
                "redirect": [],
                "target_group_arn": "arn:aws:elasticloadbalancing:ca-central-1:432621609875:targetgroup/Dev-Dev-default/d7b74300fc0062c3",
                "type": "forward"
              }
            ],
            "id": "arn:aws:elasticloadbalancing:ca-central-1:432621609875:listener/app/Dev-Dev/06f78ddc1e2bb2c6/995296ff4131d239",
            "load_balancer_arn": "arn:aws:elasticloadbalancing:ca-central-1:432621609875:loadbalancer/app/Dev-Dev/06f78ddc1e2bb2c6",
            "port": 80,
            "protocol": "HTTP",
            "ssl_policy": "",
            "tags": {},
            "tags_all": {},
            "timeouts": null
          },
          "sensitive_attributes": [],
          "private": "eyJlMmJmYjczMC1lY2FhLTExZTYtOGY4OC0zNDM2M2JjN2M0YzAiOnsicmVhZCI6NjAwMDAwMDAwMDAwfX0=",
          "dependencies": [
            "module.ecs.module.alb.aws_alb.alb",
            "module.ecs.module.alb.aws_alb_target_group.default",
            "module.ecs.module.alb.aws_security_group.alb",
            "module.ecs.module.network.module.public_subnet.aws_subnet.subnet",
            "module.ecs.module.network.module.vpc.aws_vpc.vpc"
          ]
        }
      ]
    },
    {
      "module": "module.ecs.module.alb",
      "mode": "managed",
      "type": "aws_alb_target_group",
      "name": "default",
      "provider": "provider[\"registry.terraform.io/hashicorp/aws\"]",
      "instances": [
        {
          "schema_version": 0,
          "attributes": {
            "arn": "arn:aws:elasticloadbalancing:ca-central-1:432621609875:targetgroup/Dev-Dev-default/d7b74300fc0062c3",
            "arn_suffix": "targetgroup/Dev-Dev-default/d7b74300fc0062c3",
            "connection_termination": false,
            "deregistration_delay": "300",
            "health_check": [
              {
                "enabled": true,
                "healthy_threshold": 3,
                "interval": 30,
                "matcher": "200",
                "path": "/",
                "port": "traffic-port",
                "protocol": "HTTP",
                "timeout": 5,
                "unhealthy_threshold": 3
              }
            ],
            "id": "arn:aws:elasticloadbalancing:ca-central-1:432621609875:targetgroup/Dev-Dev-default/d7b74300fc0062c3",
            "ip_address_type": "ipv4",
            "lambda_multi_value_headers_enabled": false,
            "load_balancing_algorithm_type": "round_robin",
            "name": "Dev-Dev-default",
            "name_prefix": null,
            "port": 80,
            "preserve_client_ip": null,
            "protocol": "HTTP",
            "protocol_version": "HTTP1",
            "proxy_protocol_v2": false,
            "slow_start": 0,
            "stickiness": [
              {
                "cookie_duration": 86400,
                "cookie_name": "",
                "enabled": false,
                "type": "lb_cookie"
              }
            ],
            "tags": {
              "Environment": "Dev"
            },
            "tags_all": {
              "Environment": "Dev"
            },
            "target_failover": [
              {
                "on_deregistration": null,
                "on_unhealthy": null
              }
            ],
            "target_type": "instance",
            "vpc_id": "vpc-0f8becb7a71fe1a27"
          },
          "sensitive_attributes": [],
          "private": "bnVsbA==",
          "dependencies": [
            "module.ecs.module.network.module.vpc.aws_vpc.vpc"
          ]
        }
      ]
    },
    {
      "module": "module.ecs.module.alb",
      "mode": "managed",
      "type": "aws_security_group",
      "name": "alb",
      "provider": "provider[\"registry.terraform.io/hashicorp/aws\"]",
      "instances": [
        {
          "schema_version": 1,
          "attributes": {
            "arn": "arn:aws:ec2:ca-central-1:432621609875:security-group/sg-01c2aaacd0764c930",
            "description": "Managed by Terraform",
            "egress": [
              {
                "cidr_blocks": [
                  "0.0.0.0/0"
                ],
                "description": "",
                "from_port": 0,
                "ipv6_cidr_blocks": [],
                "prefix_list_ids": [],
                "protocol": "-1",
                "security_groups": [],
                "self": false,
                "to_port": 0
              }
            ],
            "id": "sg-01c2aaacd0764c930",
            "ingress": [
              {
                "cidr_blocks": [
                  "0.0.0.0/0"
                ],
                "description": "",
                "from_port": 80,
                "ipv6_cidr_blocks": [],
                "prefix_list_ids": [],
                "protocol": "tcp",
                "security_groups": [],
                "self": false,
                "to_port": 80
              }
            ],
            "name": "Dev-Dev_alb",
            "name_prefix": "",
            "owner_id": "432621609875",
            "revoke_rules_on_delete": false,
            "tags": {
              "Environment": "Dev"
            },
            "tags_all": {
              "Environment": "Dev"
            },
            "timeouts": null,
            "vpc_id": "vpc-0f8becb7a71fe1a27"
          },
          "sensitive_attributes": [],
          "private": "eyJlMmJmYjczMC1lY2FhLTExZTYtOGY4OC0zNDM2M2JjN2M0YzAiOnsiY3JlYXRlIjo2MDAwMDAwMDAwMDAsImRlbGV0ZSI6OTAwMDAwMDAwMDAwfSwic2NoZW1hX3ZlcnNpb24iOiIxIn0=",
          "dependencies": [
            "module.ecs.module.network.module.vpc.aws_vpc.vpc"
          ]
        }
      ]
    },
    {
      "module": "module.ecs.module.alb",
      "mode": "managed",
      "type": "aws_security_group_rule",
      "name": "https_from_anywhere",
      "provider": "provider[\"registry.terraform.io/hashicorp/aws\"]",
      "instances": [
        {
          "schema_version": 2,
          "attributes": {
            "cidr_blocks": [
              "0.0.0.0/0"
            ],
            "description": "",
            "from_port": 80,
            "id": "sgrule-2184212422",
            "ipv6_cidr_blocks": null,
            "prefix_list_ids": null,
            "protocol": "tcp",
            "security_group_id": "sg-01c2aaacd0764c930",
            "security_group_rule_id": "sgr-09b85e68624532d4b",
            "self": false,
            "source_security_group_id": null,
            "timeouts": null,
            "to_port": 80,
            "type": "ingress"
          },
          "sensitive_attributes": [],
          "private": "eyJlMmJmYjczMC1lY2FhLTExZTYtOGY4OC0zNDM2M2JjN2M0YzAiOnsiY3JlYXRlIjozMDAwMDAwMDAwMDB9LCJzY2hlbWFfdmVyc2lvbiI6IjIifQ==",
          "dependencies": [
            "module.ecs.module.alb.aws_security_group.alb",
            "module.ecs.module.network.module.vpc.aws_vpc.vpc"
          ]
        }
      ]
    },
    {
      "module": "module.ecs.module.alb",
      "mode": "managed",
      "type": "aws_security_group_rule",
      "name": "outbound_internet_access",
      "provider": "provider[\"registry.terraform.io/hashicorp/aws\"]",
      "instances": [
        {
          "schema_version": 2,
          "attributes": {
            "cidr_blocks": [
              "0.0.0.0/0"
            ],
            "description": "",
            "from_port": 0,
            "id": "sgrule-613400973",
            "ipv6_cidr_blocks": null,
            "prefix_list_ids": null,
            "protocol": "-1",
            "security_group_id": "sg-01c2aaacd0764c930",
            "security_group_rule_id": "sgr-07773cece4398a379",
            "self": false,
            "source_security_group_id": null,
            "timeouts": null,
            "to_port": 0,
            "type": "egress"
          },
          "sensitive_attributes": [],
          "private": "eyJlMmJmYjczMC1lY2FhLTExZTYtOGY4OC0zNDM2M2JjN2M0YzAiOnsiY3JlYXRlIjozMDAwMDAwMDAwMDB9LCJzY2hlbWFfdmVyc2lvbiI6IjIifQ==",
          "dependencies": [
            "module.ecs.module.alb.aws_security_group.alb",
            "module.ecs.module.network.module.vpc.aws_vpc.vpc"
          ]
        }
      ]
    },
    {
      "module": "module.ecs.module.ecs_instances",
      "mode": "data",
      "type": "aws_ami",
      "name": "latest_ecs_ami",
      "provider": "provider[\"registry.terraform.io/hashicorp/aws\"]",
      "instances": [
        {
          "schema_version": 0,
          "attributes": {
            "architecture": "x86_64",
            "arn": "arn:aws:ec2:ca-central-1::image/ami-0ec7e2175c3145b84",
            "block_device_mappings": [
              {
                "device_name": "/dev/xvda",
                "ebs": {
                  "delete_on_termination": "true",
                  "encrypted": "false",
                  "iops": "0",
                  "snapshot_id": "snap-017d1090d57150986",
                  "throughput": "0",
                  "volume_size": "30",
                  "volume_type": "gp2"
                },
                "no_device": "",
                "virtual_name": ""
              }
            ],
            "boot_mode": "",
            "creation_date": "2023-03-24T17:55:49.566Z",
            "deprecation_time": "2025-03-24T17:55:49.566Z",
            "description": "Amazon Linux AMI 2.0.20230321 x86_64 ECS HVM GP2",
            "ena_support": true,
            "executable_users": null,
            "filter": [
              {
                "name": "name",
                "values": [
                  "amzn2-ami-ecs-*"
                ]
              },
              {
                "name": "virtualization-type",
                "values": [
                  "hvm"
                ]
              }
            ],
            "hypervisor": "xen",
            "id": "ami-0ec7e2175c3145b84",
            "image_id": "ami-0ec7e2175c3145b84",
            "image_location": "amazon/amzn2-ami-ecs-gpu-hvm-2.0.20230321-x86_64-ebs",
            "image_owner_alias": "amazon",
            "image_type": "machine",
            "imds_support": "",
            "include_deprecated": false,
            "kernel_id": "",
            "most_recent": true,
            "name": "amzn2-ami-ecs-gpu-hvm-2.0.20230321-x86_64-ebs",
            "name_regex": null,
            "owner_id": "591542846629",
            "owners": [
              "amazon"
            ],
            "platform": "",
            "platform_details": "Linux/UNIX",
            "product_codes": [],
            "public": true,
            "ramdisk_id": "",
            "root_device_name": "/dev/xvda",
            "root_device_type": "ebs",
            "root_snapshot_id": "snap-017d1090d57150986",
            "sriov_net_support": "simple",
            "state": "available",
            "state_reason": {
              "code": "UNSET",
              "message": "UNSET"
            },
            "tags": {},
            "timeouts": null,
            "tpm_support": "",
            "usage_operation": "RunInstances",
            "virtualization_type": "hvm"
          },
          "sensitive_attributes": []
        }
      ]
    },
    {
      "module": "module.ecs.module.ecs_instances",
      "mode": "data",
      "type": "template_file",
      "name": "user_data",
      "provider": "provider[\"registry.terraform.io/hashicorp/template\"]",
      "instances": [
        {
          "schema_version": 0,
          "attributes": {
            "filename": null,
            "id": "1edddd2577638b54aa90a0dceb535afadbe818a3e781c747a1e5cd956b6b3a2f",
            "rendered": "#!/bin/bash\n\n# Using script from http://docs.aws.amazon.com/AmazonECS/latest/developerguide/using_cloudwatch_logs.html\n# Install awslogs and the jq JSON parser\nyum install -y awslogs jq aws-cli\n\n# ECS config\necho '' \u003e /etc/ecs/ecs.config\n{\n  echo \"ECS_CLUSTER=Dev\"\n  echo 'ECS_AVAILABLE_LOGGING_DRIVERS=[\"json-file\",\"awslogs\"]'\n} \u003e\u003e /etc/ecs/ecs.config\n\n# Inject the CloudWatch Logs configuration file contents\ncat \u003e /etc/awslogs/awslogs.conf \u003c\u003c- EOF\n[general]\nstate_file = /var/lib/awslogs/agent-state        \n \n[/var/log/dmesg]\nfile = /var/log/dmesg\nlog_group_name = 30/var/log/dmesg\nlog_stream_name = Dev/{container_instance_id}\n\n[/var/log/messages]\nfile = /var/log/messages\nlog_group_name = 30/var/log/messages\nlog_stream_name = Dev/{container_instance_id}\ndatetime_format = %b %d %H:%M:%S\n\n[/var/log/docker]\nfile = /var/log/docker\nlog_group_name = 30/var/log/docker\nlog_stream_name = Dev/{container_instance_id}\ndatetime_format = %Y-%m-%dT%H:%M:%S.%f\n\n[/var/log/ecs/ecs-init.log]\nfile = /var/log/ecs/ecs-init.log.*\nlog_group_name = 30/var/log/ecs/ecs-init.log\nlog_stream_name = Dev/{container_instance_id}\ndatetime_format = %Y-%m-%dT%H:%M:%SZ\n\n[/var/log/ecs/ecs-agent.log]\nfile = /var/log/ecs/ecs-agent.log.*\nlog_group_name = 30/var/log/ecs/ecs-agent.log\nlog_stream_name = Dev/{container_instance_id}\ndatetime_format = %Y-%m-%dT%H:%M:%SZ\n\n[/var/log/ecs/audit.log]\nfile = /var/log/ecs/audit.log.*\nlog_group_name = 30/var/log/ecs/audit.log\nlog_stream_name = Dev/{container_instance_id}\ndatetime_format = %Y-%m-%dT%H:%M:%SZ\n\nEOF\n\n# Set the region to send CloudWatch Logs data to (the region where the container instance is located)\n# Get availability zone where the container instance is located and remove the trailing character to give us the region.\n# https://docs.aws.amazon.com/AWSEC2/latest/UserGuide/instancedata-data-retrieval.html\nregion=$(curl 169.254.169.254/latest/meta-data/placement/availability-zone | sed s'/.$//')\n# Replace the default log region with the region where the container instance is located.\n# https://docs.aws.amazon.com/AmazonCloudWatch/latest/logs/QuickStartEC2Instance.html#running-ec2-step-2\nsed -i -e \"s/region = us-east-1/region = $region/g\" /etc/awslogs/awscli.conf\n\n# Set the ip address of the node \n# Get the ipv4 of the container instance\n# https://docs.aws.amazon.com/AWSEC2/latest/UserGuide/instancedata-data-retrieval.html\ncontainer_instance_id=$(curl 169.254.169.254/latest/meta-data/local-ipv4)\n# Replace \"{container_instance_id}\" with ipv4 of container instance\nsed -i -e \"s/{container_instance_id}/$container_instance_id/g\" /etc/awslogs/awslogs.conf\n\ncat \u003e /etc/init/awslogjob.conf \u003c\u003c- EOF\n#upstart-job\ndescription \"Configure and start CloudWatch Logs agent on Amazon ECS container instance\"\nauthor \"Amazon Web Services\"\nstart on started ecs\n\nscript\n\texec 2\u003e\u003e/var/log/ecs/cloudwatch-logs-start.log\n\tset -x\n\t\n\tuntil curl -s http://localhost:51678/v1/metadata\n\tdo\n\t\tsleep 1\t\n\tdone\n\t\n\tservice awslogs start\n\tchkconfig awslogs on\nend script\n\nEOF\n\nstart ecs\n\n# Custom userdata script code\nuser_data.sh\n\necho \"Done\"\n",
            "template": "#!/bin/bash\n\n# Using script from http://docs.aws.amazon.com/AmazonECS/latest/developerguide/using_cloudwatch_logs.html\n# Install awslogs and the jq JSON parser\nyum install -y awslogs jq aws-cli\n\n# ECS config\n${ecs_config}\n{\n  echo \"ECS_CLUSTER=${cluster_name}\"\n  echo 'ECS_AVAILABLE_LOGGING_DRIVERS=${ecs_logging}'\n} \u003e\u003e /etc/ecs/ecs.config\n\n# Inject the CloudWatch Logs configuration file contents\ncat \u003e /etc/awslogs/awslogs.conf \u003c\u003c- EOF\n[general]\nstate_file = /var/lib/awslogs/agent-state        \n \n[/var/log/dmesg]\nfile = /var/log/dmesg\nlog_group_name = ${cloudwatch_prefix}/var/log/dmesg\nlog_stream_name = ${cluster_name}/{container_instance_id}\n\n[/var/log/messages]\nfile = /var/log/messages\nlog_group_name = ${cloudwatch_prefix}/var/log/messages\nlog_stream_name = ${cluster_name}/{container_instance_id}\ndatetime_format = %b %d %H:%M:%S\n\n[/var/log/docker]\nfile = /var/log/docker\nlog_group_name = ${cloudwatch_prefix}/var/log/docker\nlog_stream_name = ${cluster_name}/{container_instance_id}\ndatetime_format = %Y-%m-%dT%H:%M:%S.%f\n\n[/var/log/ecs/ecs-init.log]\nfile = /var/log/ecs/ecs-init.log.*\nlog_group_name = ${cloudwatch_prefix}/var/log/ecs/ecs-init.log\nlog_stream_name = ${cluster_name}/{container_instance_id}\ndatetime_format = %Y-%m-%dT%H:%M:%SZ\n\n[/var/log/ecs/ecs-agent.log]\nfile = /var/log/ecs/ecs-agent.log.*\nlog_group_name = ${cloudwatch_prefix}/var/log/ecs/ecs-agent.log\nlog_stream_name = ${cluster_name}/{container_instance_id}\ndatetime_format = %Y-%m-%dT%H:%M:%SZ\n\n[/var/log/ecs/audit.log]\nfile = /var/log/ecs/audit.log.*\nlog_group_name = ${cloudwatch_prefix}/var/log/ecs/audit.log\nlog_stream_name = ${cluster_name}/{container_instance_id}\ndatetime_format = %Y-%m-%dT%H:%M:%SZ\n\nEOF\n\n# Set the region to send CloudWatch Logs data to (the region where the container instance is located)\n# Get availability zone where the container instance is located and remove the trailing character to give us the region.\n# https://docs.aws.amazon.com/AWSEC2/latest/UserGuide/instancedata-data-retrieval.html\nregion=$(curl 169.254.169.254/latest/meta-data/placement/availability-zone | sed s'/.$//')\n# Replace the default log region with the region where the container instance is located.\n# https://docs.aws.amazon.com/AmazonCloudWatch/latest/logs/QuickStartEC2Instance.html#running-ec2-step-2\nsed -i -e \"s/region = us-east-1/region = $region/g\" /etc/awslogs/awscli.conf\n\n# Set the ip address of the node \n# Get the ipv4 of the container instance\n# https://docs.aws.amazon.com/AWSEC2/latest/UserGuide/instancedata-data-retrieval.html\ncontainer_instance_id=$(curl 169.254.169.254/latest/meta-data/local-ipv4)\n# Replace \"{container_instance_id}\" with ipv4 of container instance\nsed -i -e \"s/{container_instance_id}/$container_instance_id/g\" /etc/awslogs/awslogs.conf\n\ncat \u003e /etc/init/awslogjob.conf \u003c\u003c- EOF\n#upstart-job\ndescription \"Configure and start CloudWatch Logs agent on Amazon ECS container instance\"\nauthor \"Amazon Web Services\"\nstart on started ecs\n\nscript\n\texec 2\u003e\u003e/var/log/ecs/cloudwatch-logs-start.log\n\tset -x\n\t\n\tuntil curl -s http://localhost:51678/v1/metadata\n\tdo\n\t\tsleep 1\t\n\tdone\n\t\n\tservice awslogs start\n\tchkconfig awslogs on\nend script\n\nEOF\n\nstart ecs\n\n# Custom userdata script code\n${custom_userdata}\n\necho \"Done\"\n",
            "vars": {
              "cloudwatch_prefix": "30",
              "cluster_name": "Dev",
              "custom_userdata": "user_data.sh",
              "ecs_config": "echo '' \u003e /etc/ecs/ecs.config",
              "ecs_logging": "[\"json-file\",\"awslogs\"]",
              "env_name": "Dev"
            }
          },
          "sensitive_attributes": []
        }
      ]
    },
    {
      "module": "module.ecs.module.ecs_instances",
      "mode": "managed",
      "type": "aws_autoscaling_group",
      "name": "asg",
      "provider": "provider[\"registry.terraform.io/hashicorp/aws\"]",
      "instances": []
    },
    {
      "module": "module.ecs.module.ecs_instances",
      "mode": "managed",
      "type": "aws_cloudwatch_log_group",
      "name": "audit",
      "provider": "provider[\"registry.terraform.io/hashicorp/aws\"]",
      "instances": [
        {
          "schema_version": 0,
          "attributes": {
            "arn": "arn:aws:logs:ca-central-1:432621609875:log-group:30/var/log/ecs/audit.log",
            "id": "30/var/log/ecs/audit.log",
            "kms_key_id": "",
            "name": "30/var/log/ecs/audit.log",
            "name_prefix": "",
            "retention_in_days": 30,
            "skip_destroy": false,
            "tags": {},
            "tags_all": {}
          },
          "sensitive_attributes": [],
          "private": "bnVsbA=="
        }
      ]
    },
    {
      "module": "module.ecs.module.ecs_instances",
      "mode": "managed",
      "type": "aws_cloudwatch_log_group",
      "name": "dmesg",
      "provider": "provider[\"registry.terraform.io/hashicorp/aws\"]",
      "instances": [
        {
          "schema_version": 0,
          "attributes": {
            "arn": "arn:aws:logs:ca-central-1:432621609875:log-group:30/var/log/dmesg",
            "id": "30/var/log/dmesg",
            "kms_key_id": "",
            "name": "30/var/log/dmesg",
            "name_prefix": "",
            "retention_in_days": 30,
            "skip_destroy": false,
            "tags": {},
            "tags_all": {}
          },
          "sensitive_attributes": [],
          "private": "bnVsbA=="
        }
      ]
    },
    {
      "module": "module.ecs.module.ecs_instances",
      "mode": "managed",
      "type": "aws_cloudwatch_log_group",
      "name": "docker",
      "provider": "provider[\"registry.terraform.io/hashicorp/aws\"]",
      "instances": [
        {
          "schema_version": 0,
          "attributes": {
            "arn": "arn:aws:logs:ca-central-1:432621609875:log-group:30/var/log/docker",
            "id": "30/var/log/docker",
            "kms_key_id": "",
            "name": "30/var/log/docker",
            "name_prefix": "",
            "retention_in_days": 30,
            "skip_destroy": false,
            "tags": {},
            "tags_all": {}
          },
          "sensitive_attributes": [],
          "private": "bnVsbA=="
        }
      ]
    },
    {
      "module": "module.ecs.module.ecs_instances",
      "mode": "managed",
      "type": "aws_cloudwatch_log_group",
      "name": "ecs-agent",
      "provider": "provider[\"registry.terraform.io/hashicorp/aws\"]",
      "instances": [
        {
          "schema_version": 0,
          "attributes": {
            "arn": "arn:aws:logs:ca-central-1:432621609875:log-group:30/var/log/ecs/ecs-agent.log",
            "id": "30/var/log/ecs/ecs-agent.log",
            "kms_key_id": "",
            "name": "30/var/log/ecs/ecs-agent.log",
            "name_prefix": "",
            "retention_in_days": 30,
            "skip_destroy": false,
            "tags": {},
            "tags_all": {}
          },
          "sensitive_attributes": [],
          "private": "bnVsbA=="
        }
      ]
    },
    {
      "module": "module.ecs.module.ecs_instances",
      "mode": "managed",
      "type": "aws_cloudwatch_log_group",
      "name": "ecs-init",
      "provider": "provider[\"registry.terraform.io/hashicorp/aws\"]",
      "instances": [
        {
          "schema_version": 0,
          "attributes": {
            "arn": "arn:aws:logs:ca-central-1:432621609875:log-group:30/var/log/ecs/ecs-init.log",
            "id": "30/var/log/ecs/ecs-init.log",
            "kms_key_id": "",
            "name": "30/var/log/ecs/ecs-init.log",
            "name_prefix": "",
            "retention_in_days": 30,
            "skip_destroy": false,
            "tags": {},
            "tags_all": {}
          },
          "sensitive_attributes": [],
          "private": "bnVsbA=="
        }
      ]
    },
    {
      "module": "module.ecs.module.ecs_instances",
      "mode": "managed",
      "type": "aws_cloudwatch_log_group",
      "name": "messages",
      "provider": "provider[\"registry.terraform.io/hashicorp/aws\"]",
      "instances": [
        {
          "schema_version": 0,
          "attributes": {
            "arn": "arn:aws:logs:ca-central-1:432621609875:log-group:30/var/log/messages",
            "id": "30/var/log/messages",
            "kms_key_id": "",
            "name": "30/var/log/messages",
            "name_prefix": "",
            "retention_in_days": 30,
            "skip_destroy": false,
            "tags": {},
            "tags_all": {}
          },
          "sensitive_attributes": [],
          "private": "bnVsbA=="
        }
      ]
    },
    {
      "module": "module.ecs.module.ecs_instances",
      "mode": "managed",
      "type": "aws_security_group",
      "name": "instance",
      "provider": "provider[\"registry.terraform.io/hashicorp/aws\"]",
      "instances": [
        {
          "schema_version": 1,
          "attributes": {
            "arn": "arn:aws:ec2:ca-central-1:432621609875:security-group/sg-0f29cc6f45a2ca840",
            "description": "Used in Dev",
            "egress": [
              {
                "cidr_blocks": [
                  "0.0.0.0/0"
                ],
                "description": "",
                "from_port": 0,
                "ipv6_cidr_blocks": [],
                "prefix_list_ids": [],
                "protocol": "-1",
                "security_groups": [],
                "self": false,
                "to_port": 0
              }
            ],
            "id": "sg-0f29cc6f45a2ca840",
            "ingress": [
              {
                "cidr_blocks": [],
                "description": "",
                "from_port": 32768,
                "ipv6_cidr_blocks": [],
                "prefix_list_ids": [],
                "protocol": "tcp",
                "security_groups": [
                  "sg-01c2aaacd0764c930"
                ],
                "self": false,
                "to_port": 61000
              }
            ],
            "name": "Dev_Dev_default",
            "name_prefix": "",
            "owner_id": "432621609875",
            "revoke_rules_on_delete": false,
            "tags": {
              "Cluster": "Dev",
              "Environment": "Dev",
              "InstanceGroup": "default"
            },
            "tags_all": {
              "Cluster": "Dev",
              "Environment": "Dev",
              "InstanceGroup": "default"
            },
            "timeouts": null,
            "vpc_id": "vpc-0f8becb7a71fe1a27"
          },
          "sensitive_attributes": [],
          "private": "eyJlMmJmYjczMC1lY2FhLTExZTYtOGY4OC0zNDM2M2JjN2M0YzAiOnsiY3JlYXRlIjo2MDAwMDAwMDAwMDAsImRlbGV0ZSI6OTAwMDAwMDAwMDAwfSwic2NoZW1hX3ZlcnNpb24iOiIxIn0=",
          "dependencies": [
            "module.ecs.module.network.module.vpc.aws_vpc.vpc"
          ],
          "create_before_destroy": true
        }
      ]
    },
    {
      "module": "module.ecs.module.ecs_instances",
      "mode": "managed",
      "type": "aws_security_group_rule",
      "name": "outbound_internet_access",
      "provider": "provider[\"registry.terraform.io/hashicorp/aws\"]",
      "instances": [
        {
          "schema_version": 2,
          "attributes": {
            "cidr_blocks": [
              "0.0.0.0/0"
            ],
            "description": "",
            "from_port": 0,
            "id": "sgrule-2035891510",
            "ipv6_cidr_blocks": null,
            "prefix_list_ids": null,
            "protocol": "-1",
            "security_group_id": "sg-0f29cc6f45a2ca840",
            "security_group_rule_id": "sgr-087c7169e3f86b6c3",
            "self": false,
            "source_security_group_id": null,
            "timeouts": null,
            "to_port": 0,
            "type": "egress"
          },
          "sensitive_attributes": [],
          "private": "eyJlMmJmYjczMC1lY2FhLTExZTYtOGY4OC0zNDM2M2JjN2M0YzAiOnsiY3JlYXRlIjozMDAwMDAwMDAwMDB9LCJzY2hlbWFfdmVyc2lvbiI6IjIifQ==",
          "dependencies": [
            "module.ecs.module.ecs_instances.aws_security_group.instance",
            "module.ecs.module.network.module.vpc.aws_vpc.vpc"
          ]
        }
      ]
    },
    {
      "module": "module.ecs.module.network",
      "mode": "managed",
      "type": "aws_route",
      "name": "private_nat_route",
      "provider": "provider[\"registry.terraform.io/hashicorp/aws\"]",
      "instances": [
        {
          "index_key": 0,
          "schema_version": 0,
          "attributes": {
            "carrier_gateway_id": "",
            "core_network_arn": "",
            "destination_cidr_block": "0.0.0.0/0",
            "destination_ipv6_cidr_block": "",
            "destination_prefix_list_id": "",
            "egress_only_gateway_id": "",
            "gateway_id": "",
            "id": "r-rtb-06808618810cf47a31080289494",
            "instance_id": "",
            "instance_owner_id": "",
            "local_gateway_id": "",
            "nat_gateway_id": "nat-0ef51a984219b520e",
            "network_interface_id": "",
            "origin": "CreateRoute",
            "route_table_id": "rtb-06808618810cf47a3",
            "state": "active",
            "timeouts": null,
            "transit_gateway_id": "",
            "vpc_endpoint_id": "",
            "vpc_peering_connection_id": ""
          },
          "sensitive_attributes": [],
          "private": "eyJlMmJmYjczMC1lY2FhLTExZTYtOGY4OC0zNDM2M2JjN2M0YzAiOnsiY3JlYXRlIjozMDAwMDAwMDAwMDAsImRlbGV0ZSI6MzAwMDAwMDAwMDAwLCJ1cGRhdGUiOjEyMDAwMDAwMDAwMH19",
          "dependencies": [
            "module.ecs.module.network.module.nat.aws_eip.nat",
            "module.ecs.module.network.module.nat.aws_nat_gateway.nat",
            "module.ecs.module.network.module.private_subnet.aws_route_table.subnet",
            "module.ecs.module.network.module.public_subnet.aws_subnet.subnet",
            "module.ecs.module.network.module.vpc.aws_vpc.vpc"
          ]
        },
        {
          "index_key": 1,
          "schema_version": 0,
          "attributes": {
            "carrier_gateway_id": "",
            "core_network_arn": "",
            "destination_cidr_block": "0.0.0.0/0",
            "destination_ipv6_cidr_block": "",
            "destination_prefix_list_id": "",
            "egress_only_gateway_id": "",
            "gateway_id": "",
            "id": "r-rtb-0c0059a9d7a56c3021080289494",
            "instance_id": "",
            "instance_owner_id": "",
            "local_gateway_id": "",
            "nat_gateway_id": "nat-0a60d0b0e6c89a6a8",
            "network_interface_id": "",
            "origin": "CreateRoute",
            "route_table_id": "rtb-0c0059a9d7a56c302",
            "state": "active",
            "timeouts": null,
            "transit_gateway_id": "",
            "vpc_endpoint_id": "",
            "vpc_peering_connection_id": ""
          },
          "sensitive_attributes": [],
          "private": "eyJlMmJmYjczMC1lY2FhLTExZTYtOGY4OC0zNDM2M2JjN2M0YzAiOnsiY3JlYXRlIjozMDAwMDAwMDAwMDAsImRlbGV0ZSI6MzAwMDAwMDAwMDAwLCJ1cGRhdGUiOjEyMDAwMDAwMDAwMH19",
          "dependencies": [
            "module.ecs.module.network.module.nat.aws_eip.nat",
            "module.ecs.module.network.module.nat.aws_nat_gateway.nat",
            "module.ecs.module.network.module.private_subnet.aws_route_table.subnet",
            "module.ecs.module.network.module.public_subnet.aws_subnet.subnet",
            "module.ecs.module.network.module.vpc.aws_vpc.vpc"
          ]
        }
      ]
    },
    {
      "module": "module.ecs.module.network",
      "mode": "managed",
      "type": "aws_route",
      "name": "public_igw_route",
      "provider": "provider[\"registry.terraform.io/hashicorp/aws\"]",
      "instances": [
        {
          "index_key": 0,
          "schema_version": 0,
          "attributes": {
            "carrier_gateway_id": "",
            "core_network_arn": "",
            "destination_cidr_block": "0.0.0.0/0",
            "destination_ipv6_cidr_block": "",
            "destination_prefix_list_id": "",
            "egress_only_gateway_id": "",
            "gateway_id": "igw-0c9388355b2c69e61",
            "id": "r-rtb-0cb0eb031d0d2cde51080289494",
            "instance_id": "",
            "instance_owner_id": "",
            "local_gateway_id": "",
            "nat_gateway_id": "",
            "network_interface_id": "",
            "origin": "CreateRoute",
            "route_table_id": "rtb-0cb0eb031d0d2cde5",
            "state": "active",
            "timeouts": null,
            "transit_gateway_id": "",
            "vpc_endpoint_id": "",
            "vpc_peering_connection_id": ""
          },
          "sensitive_attributes": [],
          "private": "eyJlMmJmYjczMC1lY2FhLTExZTYtOGY4OC0zNDM2M2JjN2M0YzAiOnsiY3JlYXRlIjozMDAwMDAwMDAwMDAsImRlbGV0ZSI6MzAwMDAwMDAwMDAwLCJ1cGRhdGUiOjEyMDAwMDAwMDAwMH19",
          "dependencies": [
            "module.ecs.module.network.module.public_subnet.aws_route_table.subnet",
            "module.ecs.module.network.module.vpc.aws_internet_gateway.vpc",
            "module.ecs.module.network.module.vpc.aws_vpc.vpc"
          ]
        },
        {
          "index_key": 1,
          "schema_version": 0,
          "attributes": {
            "carrier_gateway_id": "",
            "core_network_arn": "",
            "destination_cidr_block": "0.0.0.0/0",
            "destination_ipv6_cidr_block": "",
            "destination_prefix_list_id": "",
            "egress_only_gateway_id": "",
            "gateway_id": "igw-0c9388355b2c69e61",
            "id": "r-rtb-0a2ca16b4ae0d04131080289494",
            "instance_id": "",
            "instance_owner_id": "",
            "local_gateway_id": "",
            "nat_gateway_id": "",
            "network_interface_id": "",
            "origin": "CreateRoute",
            "route_table_id": "rtb-0a2ca16b4ae0d0413",
            "state": "active",
            "timeouts": null,
            "transit_gateway_id": "",
            "vpc_endpoint_id": "",
            "vpc_peering_connection_id": ""
          },
          "sensitive_attributes": [],
          "private": "eyJlMmJmYjczMC1lY2FhLTExZTYtOGY4OC0zNDM2M2JjN2M0YzAiOnsiY3JlYXRlIjozMDAwMDAwMDAwMDAsImRlbGV0ZSI6MzAwMDAwMDAwMDAwLCJ1cGRhdGUiOjEyMDAwMDAwMDAwMH19",
          "dependencies": [
            "module.ecs.module.network.module.public_subnet.aws_route_table.subnet",
            "module.ecs.module.network.module.vpc.aws_internet_gateway.vpc",
            "module.ecs.module.network.module.vpc.aws_vpc.vpc"
          ]
        }
      ]
    },
    {
      "module": "module.ecs.module.network",
      "mode": "managed",
      "type": "null_resource",
      "name": "dummy_dependency",
      "provider": "provider[\"registry.terraform.io/hashicorp/null\"]",
      "instances": [
        {
          "schema_version": 0,
          "attributes": {
            "id": "1320196143376651102",
            "triggers": null
          },
          "sensitive_attributes": [],
          "dependencies": [
            "module.ecs.module.network.module.nat.aws_eip.nat",
            "module.ecs.module.network.module.nat.aws_nat_gateway.nat",
            "module.ecs.module.network.module.public_subnet.aws_subnet.subnet",
            "module.ecs.module.network.module.vpc.aws_vpc.vpc"
          ]
        }
      ]
    },
    {
      "module": "module.ecs.module.network.module.nat",
      "mode": "managed",
      "type": "aws_eip",
      "name": "nat",
      "provider": "provider[\"registry.terraform.io/hashicorp/aws\"]",
      "instances": [
        {
          "index_key": 0,
          "schema_version": 0,
          "attributes": {
            "address": null,
            "allocation_id": "eipalloc-07145d124b40c4d78",
            "associate_with_private_ip": null,
            "association_id": "eipassoc-01774b29d2aab413e",
            "carrier_ip": "",
            "customer_owned_ip": "",
            "customer_owned_ipv4_pool": "",
            "domain": "vpc",
            "id": "eipalloc-07145d124b40c4d78",
            "instance": "",
            "network_border_group": "ca-central-1",
            "network_interface": "eni-0a77c31aecf752a4c",
            "private_dns": "ip-192-168-1-77.ca-central-1.compute.internal",
            "private_ip": "192.168.1.77",
            "public_dns": "ec2-99-79-139-220.ca-central-1.compute.amazonaws.com",
            "public_ip": "99.79.139.220",
            "public_ipv4_pool": "amazon",
            "tags": {},
            "tags_all": {},
            "timeouts": null,
            "vpc": true
          },
          "sensitive_attributes": [],
          "private": "eyJlMmJmYjczMC1lY2FhLTExZTYtOGY4OC0zNDM2M2JjN2M0YzAiOnsiZGVsZXRlIjoxODAwMDAwMDAwMDAsInJlYWQiOjkwMDAwMDAwMDAwMCwidXBkYXRlIjozMDAwMDAwMDAwMDB9fQ=="
        },
        {
          "index_key": 1,
          "schema_version": 0,
          "attributes": {
            "address": null,
            "allocation_id": "eipalloc-005935770790be3e8",
            "associate_with_private_ip": null,
            "association_id": "eipassoc-0fb880e4b519cc83e",
            "carrier_ip": "",
            "customer_owned_ip": "",
            "customer_owned_ipv4_pool": "",
            "domain": "vpc",
            "id": "eipalloc-005935770790be3e8",
            "instance": "",
            "network_border_group": "ca-central-1",
            "network_interface": "eni-05068e4fcad7cf601",
            "private_dns": "ip-192-168-2-55.ca-central-1.compute.internal",
            "private_ip": "192.168.2.55",
            "public_dns": "ec2-3-98-180-105.ca-central-1.compute.amazonaws.com",
            "public_ip": "3.98.180.105",
            "public_ipv4_pool": "amazon",
            "tags": {},
            "tags_all": {},
            "timeouts": null,
            "vpc": true
          },
          "sensitive_attributes": [],
          "private": "eyJlMmJmYjczMC1lY2FhLTExZTYtOGY4OC0zNDM2M2JjN2M0YzAiOnsiZGVsZXRlIjoxODAwMDAwMDAwMDAsInJlYWQiOjkwMDAwMDAwMDAwMCwidXBkYXRlIjozMDAwMDAwMDAwMDB9fQ=="
        }
      ]
    },
    {
      "module": "module.ecs.module.network.module.nat",
      "mode": "managed",
      "type": "aws_nat_gateway",
      "name": "nat",
      "provider": "provider[\"registry.terraform.io/hashicorp/aws\"]",
      "instances": [
        {
          "index_key": 0,
          "schema_version": 0,
          "attributes": {
            "allocation_id": "eipalloc-07145d124b40c4d78",
            "connectivity_type": "public",
            "id": "nat-0ef51a984219b520e",
            "network_interface_id": "eni-0a77c31aecf752a4c",
            "private_ip": "192.168.1.77",
            "public_ip": "99.79.139.220",
            "subnet_id": "subnet-00527292dc0734ac1",
            "tags": {},
            "tags_all": {}
          },
          "sensitive_attributes": [],
          "private": "bnVsbA==",
          "dependencies": [
            "module.ecs.module.network.module.nat.aws_eip.nat",
            "module.ecs.module.network.module.public_subnet.aws_subnet.subnet",
            "module.ecs.module.network.module.vpc.aws_vpc.vpc"
          ]
        },
        {
          "index_key": 1,
          "schema_version": 0,
          "attributes": {
            "allocation_id": "eipalloc-005935770790be3e8",
            "connectivity_type": "public",
            "id": "nat-0a60d0b0e6c89a6a8",
            "network_interface_id": "eni-05068e4fcad7cf601",
            "private_ip": "192.168.2.55",
            "public_ip": "3.98.180.105",
            "subnet_id": "subnet-034861aa77d6238c8",
            "tags": {},
            "tags_all": {}
          },
          "sensitive_attributes": [],
          "private": "bnVsbA==",
          "dependencies": [
            "module.ecs.module.network.module.nat.aws_eip.nat",
            "module.ecs.module.network.module.public_subnet.aws_subnet.subnet",
            "module.ecs.module.network.module.vpc.aws_vpc.vpc"
          ]
        }
      ]
    },
    {
      "module": "module.ecs.module.network.module.private_subnet",
      "mode": "managed",
      "type": "aws_route_table",
      "name": "subnet",
      "provider": "provider[\"registry.terraform.io/hashicorp/aws\"]",
      "instances": [
        {
          "index_key": 0,
          "schema_version": 0,
          "attributes": {
            "arn": "arn:aws:ec2:ca-central-1:432621609875:route-table/rtb-06808618810cf47a3",
            "id": "rtb-06808618810cf47a3",
            "owner_id": "432621609875",
            "propagating_vgws": [],
            "route": [
              {
                "carrier_gateway_id": "",
                "cidr_block": "0.0.0.0/0",
                "core_network_arn": "",
                "destination_prefix_list_id": "",
                "egress_only_gateway_id": "",
                "gateway_id": "",
                "instance_id": "",
                "ipv6_cidr_block": "",
                "local_gateway_id": "",
                "nat_gateway_id": "nat-0ef51a984219b520e",
                "network_interface_id": "",
                "transit_gateway_id": "",
                "vpc_endpoint_id": "",
                "vpc_peering_connection_id": ""
              }
            ],
            "tags": {
              "Environment": "Dev",
              "Name": "Dev_private_subnet_ca-central-1a"
            },
            "tags_all": {
              "Environment": "Dev",
              "Name": "Dev_private_subnet_ca-central-1a"
            },
            "timeouts": null,
            "vpc_id": "vpc-0f8becb7a71fe1a27"
          },
          "sensitive_attributes": [],
          "private": "eyJlMmJmYjczMC1lY2FhLTExZTYtOGY4OC0zNDM2M2JjN2M0YzAiOnsiY3JlYXRlIjozMDAwMDAwMDAwMDAsImRlbGV0ZSI6MzAwMDAwMDAwMDAwLCJ1cGRhdGUiOjEyMDAwMDAwMDAwMH19",
          "dependencies": [
            "module.ecs.module.network.module.vpc.aws_vpc.vpc"
          ]
        },
        {
          "index_key": 1,
          "schema_version": 0,
          "attributes": {
            "arn": "arn:aws:ec2:ca-central-1:432621609875:route-table/rtb-0c0059a9d7a56c302",
            "id": "rtb-0c0059a9d7a56c302",
            "owner_id": "432621609875",
            "propagating_vgws": [],
            "route": [
              {
                "carrier_gateway_id": "",
                "cidr_block": "0.0.0.0/0",
                "core_network_arn": "",
                "destination_prefix_list_id": "",
                "egress_only_gateway_id": "",
                "gateway_id": "",
                "instance_id": "",
                "ipv6_cidr_block": "",
                "local_gateway_id": "",
                "nat_gateway_id": "nat-0a60d0b0e6c89a6a8",
                "network_interface_id": "",
                "transit_gateway_id": "",
                "vpc_endpoint_id": "",
                "vpc_peering_connection_id": ""
              }
            ],
            "tags": {
              "Environment": "Dev",
              "Name": "Dev_private_subnet_ca-central-1b"
            },
            "tags_all": {
              "Environment": "Dev",
              "Name": "Dev_private_subnet_ca-central-1b"
            },
            "timeouts": null,
            "vpc_id": "vpc-0f8becb7a71fe1a27"
          },
          "sensitive_attributes": [],
          "private": "eyJlMmJmYjczMC1lY2FhLTExZTYtOGY4OC0zNDM2M2JjN2M0YzAiOnsiY3JlYXRlIjozMDAwMDAwMDAwMDAsImRlbGV0ZSI6MzAwMDAwMDAwMDAwLCJ1cGRhdGUiOjEyMDAwMDAwMDAwMH19",
          "dependencies": [
            "module.ecs.module.network.module.vpc.aws_vpc.vpc"
          ]
        }
      ]
    },
    {
      "module": "module.ecs.module.network.module.private_subnet",
      "mode": "managed",
      "type": "aws_route_table_association",
      "name": "subnet",
      "provider": "provider[\"registry.terraform.io/hashicorp/aws\"]",
      "instances": [
        {
          "index_key": 0,
          "schema_version": 0,
          "attributes": {
            "gateway_id": "",
            "id": "rtbassoc-09b9352339f49a96e",
            "route_table_id": "rtb-06808618810cf47a3",
            "subnet_id": "subnet-042748ab15510ed5c"
          },
          "sensitive_attributes": [],
          "private": "bnVsbA==",
          "dependencies": [
            "module.ecs.module.network.module.private_subnet.aws_route_table.subnet",
            "module.ecs.module.network.module.private_subnet.aws_subnet.subnet",
            "module.ecs.module.network.module.vpc.aws_vpc.vpc"
          ]
        },
        {
          "index_key": 1,
          "schema_version": 0,
          "attributes": {
            "gateway_id": "",
            "id": "rtbassoc-08389518f13445426",
            "route_table_id": "rtb-0c0059a9d7a56c302",
            "subnet_id": "subnet-0c06f744230ecb690"
          },
          "sensitive_attributes": [],
          "private": "bnVsbA==",
          "dependencies": [
            "module.ecs.module.network.module.private_subnet.aws_route_table.subnet",
            "module.ecs.module.network.module.private_subnet.aws_subnet.subnet",
            "module.ecs.module.network.module.vpc.aws_vpc.vpc"
          ]
        }
      ]
    },
    {
      "module": "module.ecs.module.network.module.private_subnet",
      "mode": "managed",
      "type": "aws_subnet",
      "name": "subnet",
      "provider": "provider[\"registry.terraform.io/hashicorp/aws\"]",
      "instances": [
        {
          "index_key": 0,
          "schema_version": 1,
          "attributes": {
            "arn": "arn:aws:ec2:ca-central-1:432621609875:subnet/subnet-042748ab15510ed5c",
            "assign_ipv6_address_on_creation": false,
            "availability_zone": "ca-central-1a",
            "availability_zone_id": "cac1-az1",
            "cidr_block": "192.168.3.0/24",
            "customer_owned_ipv4_pool": "",
            "enable_dns64": false,
            "enable_resource_name_dns_a_record_on_launch": false,
            "enable_resource_name_dns_aaaa_record_on_launch": false,
            "id": "subnet-042748ab15510ed5c",
            "ipv6_cidr_block": "",
            "ipv6_cidr_block_association_id": "",
            "ipv6_native": false,
            "map_customer_owned_ip_on_launch": false,
            "map_public_ip_on_launch": false,
            "outpost_arn": "",
            "owner_id": "432621609875",
            "private_dns_hostname_type_on_launch": "ip-name",
            "tags": {
              "Environment": "Dev",
              "Name": "Dev_private_subnet_ca-central-1a"
            },
            "tags_all": {
              "Environment": "Dev",
              "Name": "Dev_private_subnet_ca-central-1a"
            },
            "timeouts": null,
            "vpc_id": "vpc-0f8becb7a71fe1a27"
          },
          "sensitive_attributes": [],
          "private": "eyJlMmJmYjczMC1lY2FhLTExZTYtOGY4OC0zNDM2M2JjN2M0YzAiOnsiY3JlYXRlIjo2MDAwMDAwMDAwMDAsImRlbGV0ZSI6MTIwMDAwMDAwMDAwMH0sInNjaGVtYV92ZXJzaW9uIjoiMSJ9",
          "dependencies": [
            "module.ecs.module.network.module.vpc.aws_vpc.vpc"
          ]
        },
        {
          "index_key": 1,
          "schema_version": 1,
          "attributes": {
            "arn": "arn:aws:ec2:ca-central-1:432621609875:subnet/subnet-0c06f744230ecb690",
            "assign_ipv6_address_on_creation": false,
            "availability_zone": "ca-central-1b",
            "availability_zone_id": "cac1-az2",
            "cidr_block": "192.168.4.0/24",
            "customer_owned_ipv4_pool": "",
            "enable_dns64": false,
            "enable_resource_name_dns_a_record_on_launch": false,
            "enable_resource_name_dns_aaaa_record_on_launch": false,
            "id": "subnet-0c06f744230ecb690",
            "ipv6_cidr_block": "",
            "ipv6_cidr_block_association_id": "",
            "ipv6_native": false,
            "map_customer_owned_ip_on_launch": false,
            "map_public_ip_on_launch": false,
            "outpost_arn": "",
            "owner_id": "432621609875",
            "private_dns_hostname_type_on_launch": "ip-name",
            "tags": {
              "Environment": "Dev",
              "Name": "Dev_private_subnet_ca-central-1b"
            },
            "tags_all": {
              "Environment": "Dev",
              "Name": "Dev_private_subnet_ca-central-1b"
            },
            "timeouts": null,
            "vpc_id": "vpc-0f8becb7a71fe1a27"
          },
          "sensitive_attributes": [],
          "private": "eyJlMmJmYjczMC1lY2FhLTExZTYtOGY4OC0zNDM2M2JjN2M0YzAiOnsiY3JlYXRlIjo2MDAwMDAwMDAwMDAsImRlbGV0ZSI6MTIwMDAwMDAwMDAwMH0sInNjaGVtYV92ZXJzaW9uIjoiMSJ9",
          "dependencies": [
            "module.ecs.module.network.module.vpc.aws_vpc.vpc"
          ]
        }
      ]
    },
    {
      "module": "module.ecs.module.network.module.public_subnet",
      "mode": "managed",
      "type": "aws_route_table",
      "name": "subnet",
      "provider": "provider[\"registry.terraform.io/hashicorp/aws\"]",
      "instances": [
        {
          "index_key": 0,
          "schema_version": 0,
          "attributes": {
            "arn": "arn:aws:ec2:ca-central-1:432621609875:route-table/rtb-0cb0eb031d0d2cde5",
            "id": "rtb-0cb0eb031d0d2cde5",
            "owner_id": "432621609875",
            "propagating_vgws": [],
            "route": [
              {
                "carrier_gateway_id": "",
                "cidr_block": "0.0.0.0/0",
                "core_network_arn": "",
                "destination_prefix_list_id": "",
                "egress_only_gateway_id": "",
                "gateway_id": "igw-0c9388355b2c69e61",
                "instance_id": "",
                "ipv6_cidr_block": "",
                "local_gateway_id": "",
                "nat_gateway_id": "",
                "network_interface_id": "",
                "transit_gateway_id": "",
                "vpc_endpoint_id": "",
                "vpc_peering_connection_id": ""
              }
            ],
            "tags": {
              "Environment": "Dev",
              "Name": "Dev_public_subnet_ca-central-1a"
            },
            "tags_all": {
              "Environment": "Dev",
              "Name": "Dev_public_subnet_ca-central-1a"
            },
            "timeouts": null,
            "vpc_id": "vpc-0f8becb7a71fe1a27"
          },
          "sensitive_attributes": [],
          "private": "eyJlMmJmYjczMC1lY2FhLTExZTYtOGY4OC0zNDM2M2JjN2M0YzAiOnsiY3JlYXRlIjozMDAwMDAwMDAwMDAsImRlbGV0ZSI6MzAwMDAwMDAwMDAwLCJ1cGRhdGUiOjEyMDAwMDAwMDAwMH19",
          "dependencies": [
            "module.ecs.module.network.module.vpc.aws_vpc.vpc"
          ]
        },
        {
          "index_key": 1,
          "schema_version": 0,
          "attributes": {
            "arn": "arn:aws:ec2:ca-central-1:432621609875:route-table/rtb-0a2ca16b4ae0d0413",
            "id": "rtb-0a2ca16b4ae0d0413",
            "owner_id": "432621609875",
            "propagating_vgws": [],
            "route": [
              {
                "carrier_gateway_id": "",
                "cidr_block": "0.0.0.0/0",
                "core_network_arn": "",
                "destination_prefix_list_id": "",
                "egress_only_gateway_id": "",
                "gateway_id": "igw-0c9388355b2c69e61",
                "instance_id": "",
                "ipv6_cidr_block": "",
                "local_gateway_id": "",
                "nat_gateway_id": "",
                "network_interface_id": "",
                "transit_gateway_id": "",
                "vpc_endpoint_id": "",
                "vpc_peering_connection_id": ""
              }
            ],
            "tags": {
              "Environment": "Dev",
              "Name": "Dev_public_subnet_ca-central-1b"
            },
            "tags_all": {
              "Environment": "Dev",
              "Name": "Dev_public_subnet_ca-central-1b"
            },
            "timeouts": null,
            "vpc_id": "vpc-0f8becb7a71fe1a27"
          },
          "sensitive_attributes": [],
          "private": "eyJlMmJmYjczMC1lY2FhLTExZTYtOGY4OC0zNDM2M2JjN2M0YzAiOnsiY3JlYXRlIjozMDAwMDAwMDAwMDAsImRlbGV0ZSI6MzAwMDAwMDAwMDAwLCJ1cGRhdGUiOjEyMDAwMDAwMDAwMH19",
          "dependencies": [
            "module.ecs.module.network.module.vpc.aws_vpc.vpc"
          ]
        }
      ]
    },
    {
      "module": "module.ecs.module.network.module.public_subnet",
      "mode": "managed",
      "type": "aws_route_table_association",
      "name": "subnet",
      "provider": "provider[\"registry.terraform.io/hashicorp/aws\"]",
      "instances": [
        {
          "index_key": 0,
          "schema_version": 0,
          "attributes": {
            "gateway_id": "",
            "id": "rtbassoc-0127e83f3aa806f1f",
            "route_table_id": "rtb-0cb0eb031d0d2cde5",
            "subnet_id": "subnet-00527292dc0734ac1"
          },
          "sensitive_attributes": [],
          "private": "bnVsbA==",
          "dependencies": [
            "module.ecs.module.network.module.public_subnet.aws_route_table.subnet",
            "module.ecs.module.network.module.public_subnet.aws_subnet.subnet",
            "module.ecs.module.network.module.vpc.aws_vpc.vpc"
          ]
        },
        {
          "index_key": 1,
          "schema_version": 0,
          "attributes": {
            "gateway_id": "",
            "id": "rtbassoc-0e9f353120bfe01cc",
            "route_table_id": "rtb-0a2ca16b4ae0d0413",
            "subnet_id": "subnet-034861aa77d6238c8"
          },
          "sensitive_attributes": [],
          "private": "bnVsbA==",
          "dependencies": [
            "module.ecs.module.network.module.public_subnet.aws_route_table.subnet",
            "module.ecs.module.network.module.public_subnet.aws_subnet.subnet",
            "module.ecs.module.network.module.vpc.aws_vpc.vpc"
          ]
        }
      ]
    },
    {
      "module": "module.ecs.module.network.module.public_subnet",
      "mode": "managed",
      "type": "aws_subnet",
      "name": "subnet",
      "provider": "provider[\"registry.terraform.io/hashicorp/aws\"]",
      "instances": [
        {
          "index_key": 0,
          "schema_version": 1,
          "attributes": {
            "arn": "arn:aws:ec2:ca-central-1:432621609875:subnet/subnet-00527292dc0734ac1",
            "assign_ipv6_address_on_creation": false,
            "availability_zone": "ca-central-1a",
            "availability_zone_id": "cac1-az1",
            "cidr_block": "192.168.1.0/24",
            "customer_owned_ipv4_pool": "",
            "enable_dns64": false,
            "enable_resource_name_dns_a_record_on_launch": false,
            "enable_resource_name_dns_aaaa_record_on_launch": false,
            "id": "subnet-00527292dc0734ac1",
            "ipv6_cidr_block": "",
            "ipv6_cidr_block_association_id": "",
            "ipv6_native": false,
            "map_customer_owned_ip_on_launch": false,
            "map_public_ip_on_launch": false,
            "outpost_arn": "",
            "owner_id": "432621609875",
            "private_dns_hostname_type_on_launch": "ip-name",
            "tags": {
              "Environment": "Dev",
              "Name": "Dev_public_subnet_ca-central-1a"
            },
            "tags_all": {
              "Environment": "Dev",
              "Name": "Dev_public_subnet_ca-central-1a"
            },
            "timeouts": null,
            "vpc_id": "vpc-0f8becb7a71fe1a27"
          },
          "sensitive_attributes": [],
          "private": "eyJlMmJmYjczMC1lY2FhLTExZTYtOGY4OC0zNDM2M2JjN2M0YzAiOnsiY3JlYXRlIjo2MDAwMDAwMDAwMDAsImRlbGV0ZSI6MTIwMDAwMDAwMDAwMH0sInNjaGVtYV92ZXJzaW9uIjoiMSJ9",
          "dependencies": [
            "module.ecs.module.network.module.vpc.aws_vpc.vpc"
          ]
        },
        {
          "index_key": 1,
          "schema_version": 1,
          "attributes": {
            "arn": "arn:aws:ec2:ca-central-1:432621609875:subnet/subnet-034861aa77d6238c8",
            "assign_ipv6_address_on_creation": false,
            "availability_zone": "ca-central-1b",
            "availability_zone_id": "cac1-az2",
            "cidr_block": "192.168.2.0/24",
            "customer_owned_ipv4_pool": "",
            "enable_dns64": false,
            "enable_resource_name_dns_a_record_on_launch": false,
            "enable_resource_name_dns_aaaa_record_on_launch": false,
            "id": "subnet-034861aa77d6238c8",
            "ipv6_cidr_block": "",
            "ipv6_cidr_block_association_id": "",
            "ipv6_native": false,
            "map_customer_owned_ip_on_launch": false,
            "map_public_ip_on_launch": false,
            "outpost_arn": "",
            "owner_id": "432621609875",
            "private_dns_hostname_type_on_launch": "ip-name",
            "tags": {
              "Environment": "Dev",
              "Name": "Dev_public_subnet_ca-central-1b"
            },
            "tags_all": {
              "Environment": "Dev",
              "Name": "Dev_public_subnet_ca-central-1b"
            },
            "timeouts": null,
            "vpc_id": "vpc-0f8becb7a71fe1a27"
          },
          "sensitive_attributes": [],
          "private": "eyJlMmJmYjczMC1lY2FhLTExZTYtOGY4OC0zNDM2M2JjN2M0YzAiOnsiY3JlYXRlIjo2MDAwMDAwMDAwMDAsImRlbGV0ZSI6MTIwMDAwMDAwMDAwMH0sInNjaGVtYV92ZXJzaW9uIjoiMSJ9",
          "dependencies": [
            "module.ecs.module.network.module.vpc.aws_vpc.vpc"
          ]
        }
      ]
    },
    {
      "module": "module.ecs.module.network.module.vpc",
      "mode": "managed",
      "type": "aws_internet_gateway",
      "name": "vpc",
      "provider": "provider[\"registry.terraform.io/hashicorp/aws\"]",
      "instances": [
        {
          "schema_version": 0,
          "attributes": {
            "arn": "arn:aws:ec2:ca-central-1:432621609875:internet-gateway/igw-0c9388355b2c69e61",
            "id": "igw-0c9388355b2c69e61",
            "owner_id": "432621609875",
            "tags": {
              "Environment": "Dev"
            },
            "tags_all": {
              "Environment": "Dev"
            },
            "timeouts": null,
            "vpc_id": "vpc-0f8becb7a71fe1a27"
          },
          "sensitive_attributes": [],
          "private": "eyJlMmJmYjczMC1lY2FhLTExZTYtOGY4OC0zNDM2M2JjN2M0YzAiOnsiY3JlYXRlIjoxMjAwMDAwMDAwMDAwLCJkZWxldGUiOjEyMDAwMDAwMDAwMDAsInVwZGF0ZSI6MTIwMDAwMDAwMDAwMH19",
          "dependencies": [
            "module.ecs.module.network.module.vpc.aws_vpc.vpc"
          ]
        }
      ]
    },
    {
      "module": "module.ecs.module.network.module.vpc",
      "mode": "managed",
      "type": "aws_vpc",
      "name": "vpc",
      "provider": "provider[\"registry.terraform.io/hashicorp/aws\"]",
      "instances": [
        {
          "schema_version": 1,
          "attributes": {
            "arn": "arn:aws:ec2:ca-central-1:432621609875:vpc/vpc-0f8becb7a71fe1a27",
            "assign_generated_ipv6_cidr_block": false,
            "cidr_block": "192.168.0.0/16",
            "default_network_acl_id": "acl-0702fc3b52bf4fb34",
            "default_route_table_id": "rtb-01dfca449c224ee3d",
            "default_security_group_id": "sg-03e903b7f1faab7b6",
            "dhcp_options_id": "dopt-0dc291da4e0fe352d",
            "enable_classiclink": false,
            "enable_classiclink_dns_support": false,
            "enable_dns_hostnames": true,
            "enable_dns_support": true,
            "enable_network_address_usage_metrics": false,
            "id": "vpc-0f8becb7a71fe1a27",
            "instance_tenancy": "default",
            "ipv4_ipam_pool_id": null,
            "ipv4_netmask_length": null,
            "ipv6_association_id": "",
            "ipv6_cidr_block": "",
            "ipv6_cidr_block_network_border_group": "",
            "ipv6_ipam_pool_id": "",
            "ipv6_netmask_length": 0,
            "main_route_table_id": "rtb-01dfca449c224ee3d",
            "owner_id": "432621609875",
            "tags": {
              "Environment": "Dev",
              "Name": "Dev"
            },
            "tags_all": {
              "Environment": "Dev",
              "Name": "Dev"
            }
          },
          "sensitive_attributes": [],
          "private": "eyJzY2hlbWFfdmVyc2lvbiI6IjEifQ==",
          "create_before_destroy": true
        }
      ]
    }
  ],
  "check_results": null
}
